
Microsoft Visual Studio Solution File, Format Version 12.00
# Visual Studio Version 16
VisualStudioVersion = 16.0.29905.134
MinimumVisualStudioVersion = 10.0.40219.1
Project("{FAE04EC0-301F-11D3-BF4B-00C04F79EFBC}") = "DialogBoxDemo", "DialogBoxDemo\DialogBoxDemo.csproj", "{60C5FBC3-BC2B-4071-9070-B77846FB6C63}"
EndProject
Project("{FAE04EC0-301F-11D3-BF4B-00C04F79EFBC}") = "ValidationDemo", "ValidationDemo\ValidationDemo.csproj", "{77CF4888-384B-4650-88E2-12740DA9FCD7}"
EndProject
Global
	GlobalSection(SolutionConfigurationPlatforms) = preSolution
		Debug|Any CPU = Debug|Any CPU
		Release|Any CPU = Release|Any CPU
	EndGlobalSection
	GlobalSection(ProjectConfigurationPlatforms) = postSolution
		{60C5FBC3-BC2B-4071-9070-B77846FB6C63}.Debug|Any CPU.ActiveCfg = Debug|Any CPU
		{60C5FBC3-BC2B-4071-9070-B77846FB6C63}.Debug|Any CPU.Build.0 = Debug|Any CPU
		{60C5FBC3-BC2B-4071-9070-B77846FB6C63}.Release|Any CPU.ActiveCfg = Release|Any CPU
		{60C5FBC3-BC2B-4071-9070-B77846FB6C63}.Release|Any CPU.Build.0 = Release|Any CPU
		{77CF4888-384B-4650-88E2-12740DA9FCD7}.Debug|Any CPU.ActiveCfg = Debug|Any CPU
		{77CF4888-384B-4650-88E2-12740DA9FCD7}.Debug|Any CPU.Build.0 = Debug|Any CPU
		{77CF4888-384B-4650-88E2-12740DA9FCD7}.Release|Any CPU.ActiveCfg = Release|Any CPU
		{77CF4888-384B-4650-88E2-12740DA9FCD7}.Release|Any CPU.Build.0 = Release|Any CPU
	EndGlobalSection
	GlobalSection(SolutionProperties) = preSolution
		HideSolutionNode = FALSE
	EndGlobalSection
	GlobalSection(ExtensibilityGlobals) = postSolution
		SolutionGuid = {CD512FF4-D70B-4DB2-85ED-B4BCB60CC86F}
	EndGlobalSection
EndGlobal
